// !$*UTF8*$!
{
	archiveVersion = 1;
	classes = {
	};
	objectVersion = 46;
	objects = {

/* Begin PBXBuildFile section */
		4C1B35C51BE135FC0067EAF9 /* Account.swift in Sources */ = {isa = PBXBuildFile; fileRef = 4C1B35C41BE135FC0067EAF9 /* Account.swift */; };
		4C1B35C61BE135FC0067EAF9 /* Account.swift in Sources */ = {isa = PBXBuildFile; fileRef = 4C1B35C41BE135FC0067EAF9 /* Account.swift */; };
		4C1B35C81BE136080067EAF9 /* Device.swift in Sources */ = {isa = PBXBuildFile; fileRef = 4C1B35C71BE136080067EAF9 /* Device.swift */; };
		4C1B35C91BE136080067EAF9 /* Device.swift in Sources */ = {isa = PBXBuildFile; fileRef = 4C1B35C71BE136080067EAF9 /* Device.swift */; };
		4C1B35CC1BE136340067EAF9 /* Domoticz.swift in Sources */ = {isa = PBXBuildFile; fileRef = 4C1B35CB1BE136340067EAF9 /* Domoticz.swift */; };
		4C1B35CD1BE136340067EAF9 /* Domoticz.swift in Sources */ = {isa = PBXBuildFile; fileRef = 4C1B35CB1BE136340067EAF9 /* Domoticz.swift */; };
		4C1B35CF1BE138D70067EAF9 /* Devices.swift in Sources */ = {isa = PBXBuildFile; fileRef = 4C1B35CE1BE138D70067EAF9 /* Devices.swift */; };
		4C1B35D01BE138D70067EAF9 /* Devices.swift in Sources */ = {isa = PBXBuildFile; fileRef = 4C1B35CE1BE138D70067EAF9 /* Devices.swift */; };
		4C1B35D21BE1505B0067EAF9 /* CoreDataStore.swift in Sources */ = {isa = PBXBuildFile; fileRef = 4C1B35D11BE1505B0067EAF9 /* CoreDataStore.swift */; };
		4C1B35D31BE1505B0067EAF9 /* CoreDataStore.swift in Sources */ = {isa = PBXBuildFile; fileRef = 4C1B35D11BE1505B0067EAF9 /* CoreDataStore.swift */; };
		4C1B35D51BE16B0B0067EAF9 /* Constants.swift in Sources */ = {isa = PBXBuildFile; fileRef = 4C1B35D41BE16B0B0067EAF9 /* Constants.swift */; };
		4C1B35D61BE16B0B0067EAF9 /* Constants.swift in Sources */ = {isa = PBXBuildFile; fileRef = 4C1B35D41BE16B0B0067EAF9 /* Constants.swift */; };
		4C1EEAAA1BD9C1B400BD64E3 /* DomoArigato.xcdatamodeld in Sources */ = {isa = PBXBuildFile; fileRef = 4C27B29F1BD6BD5C002D4E90 /* DomoArigato.xcdatamodeld */; };
		4C2392841BDBF3F900BC0BAB /* Assets.xcassets in Resources */ = {isa = PBXBuildFile; fileRef = 4C27B2A21BD6BD5C002D4E90 /* Assets.xcassets */; };
		4C27B2991BD6BD5C002D4E90 /* AppDelegate.swift in Sources */ = {isa = PBXBuildFile; fileRef = 4C27B2981BD6BD5C002D4E90 /* AppDelegate.swift */; };
		4C27B29B1BD6BD5C002D4E90 /* MainViewController.swift in Sources */ = {isa = PBXBuildFile; fileRef = 4C27B29A1BD6BD5C002D4E90 /* MainViewController.swift */; };
		4C27B29E1BD6BD5C002D4E90 /* Main.storyboard in Resources */ = {isa = PBXBuildFile; fileRef = 4C27B29C1BD6BD5C002D4E90 /* Main.storyboard */; };
		4C27B2A11BD6BD5C002D4E90 /* DomoArigato.xcdatamodeld in Sources */ = {isa = PBXBuildFile; fileRef = 4C27B29F1BD6BD5C002D4E90 /* DomoArigato.xcdatamodeld */; };
		4C27B2A31BD6BD5C002D4E90 /* Assets.xcassets in Resources */ = {isa = PBXBuildFile; fileRef = 4C27B2A21BD6BD5C002D4E90 /* Assets.xcassets */; };
		4C27B2A61BD6BD5C002D4E90 /* LaunchScreen.storyboard in Resources */ = {isa = PBXBuildFile; fileRef = 4C27B2A41BD6BD5C002D4E90 /* LaunchScreen.storyboard */; };
		4C9AC9D61BD6E98B0013519A /* NotificationCenter.framework in Frameworks */ = {isa = PBXBuildFile; fileRef = 4C9AC9D51BD6E98B0013519A /* NotificationCenter.framework */; };
		4C9AC9D91BD6E98B0013519A /* TodayViewController.swift in Sources */ = {isa = PBXBuildFile; fileRef = 4C9AC9D81BD6E98B0013519A /* TodayViewController.swift */; };
		4C9AC9DC1BD6E98B0013519A /* MainInterface.storyboard in Resources */ = {isa = PBXBuildFile; fileRef = 4C9AC9DA1BD6E98B0013519A /* MainInterface.storyboard */; };
		4C9AC9E01BD6E98B0013519A /* DA Widget.appex in Embed App Extensions */ = {isa = PBXBuildFile; fileRef = 4C9AC9D41BD6E98B0013519A /* DA Widget.appex */; settings = {ATTRIBUTES = (RemoveHeadersOnCopy, ); }; };
		4C9AC9E61BD6FA280013519A /* Pods_DomoArigato.framework in Frameworks */ = {isa = PBXBuildFile; fileRef = 4C9AC9E51BD6FA280013519A /* Pods_DomoArigato.framework */; };
		4CA174261BDBCE7A007F6425 /* Utils.swift in Sources */ = {isa = PBXBuildFile; fileRef = 4CA174251BDBCE7A007F6425 /* Utils.swift */; };
		4CA174271BDBCE7A007F6425 /* Utils.swift in Sources */ = {isa = PBXBuildFile; fileRef = 4CA174251BDBCE7A007F6425 /* Utils.swift */; };
		5540CA0ECA1E84B8863EDE3C /* Pods_DomoArigato.framework in Frameworks */ = {isa = PBXBuildFile; fileRef = CF9FE2D9062E95C7E2386622 /* Pods_DomoArigato.framework */; };
/* End PBXBuildFile section */

/* Begin PBXContainerItemProxy section */
		4C9AC9DE1BD6E98B0013519A /* PBXContainerItemProxy */ = {
			isa = PBXContainerItemProxy;
			containerPortal = 4C27B28D1BD6BD5C002D4E90 /* Project object */;
			proxyType = 1;
			remoteGlobalIDString = 4C9AC9D31BD6E98B0013519A;
			remoteInfo = "DA Widget";
		};
/* End PBXContainerItemProxy section */

/* Begin PBXCopyFilesBuildPhase section */
		4C9AC9E41BD6E98B0013519A /* Embed App Extensions */ = {
			isa = PBXCopyFilesBuildPhase;
			buildActionMask = 2147483647;
			dstPath = "";
			dstSubfolderSpec = 13;
			files = (
				4C9AC9E01BD6E98B0013519A /* DA Widget.appex in Embed App Extensions */,
			);
			name = "Embed App Extensions";
			runOnlyForDeploymentPostprocessing = 0;
		};
/* End PBXCopyFilesBuildPhase section */

/* Begin PBXFileReference section */
		1693719C06B274500CB07050 /* Pods-DomoArigato.debug.xcconfig */ = {isa = PBXFileReference; includeInIndex = 1; lastKnownFileType = text.xcconfig; name = "Pods-DomoArigato.debug.xcconfig"; path = "Pods/Target Support Files/Pods-DomoArigato/Pods-DomoArigato.debug.xcconfig"; sourceTree = "<group>"; };
		4C1B35BD1BE128410067EAF9 /* DomoArigato#3.xcdatamodel */ = {isa = PBXFileReference; lastKnownFileType = wrapper.xcdatamodel; path = "DomoArigato#3.xcdatamodel"; sourceTree = "<group>"; };
		4C1B35C21BE132710067EAF9 /* README.md */ = {isa = PBXFileReference; lastKnownFileType = net.daringfireball.markdown; path = README.md; sourceTree = "<group>"; };
		4C1B35C41BE135FC0067EAF9 /* Account.swift */ = {isa = PBXFileReference; fileEncoding = 4; lastKnownFileType = sourcecode.swift; name = Account.swift; path = Shared/Model/Account.swift; sourceTree = SOURCE_ROOT; };
		4C1B35C71BE136080067EAF9 /* Device.swift */ = {isa = PBXFileReference; fileEncoding = 4; lastKnownFileType = sourcecode.swift; name = Device.swift; path = Shared/Model/Device.swift; sourceTree = SOURCE_ROOT; };
		4C1B35CB1BE136340067EAF9 /* Domoticz.swift */ = {isa = PBXFileReference; fileEncoding = 4; lastKnownFileType = sourcecode.swift; name = Domoticz.swift; path = Shared/API/Domoticz.swift; sourceTree = SOURCE_ROOT; };
		4C1B35CE1BE138D70067EAF9 /* Devices.swift */ = {isa = PBXFileReference; fileEncoding = 4; lastKnownFileType = sourcecode.swift; name = Devices.swift; path = Shared/Devices.swift; sourceTree = SOURCE_ROOT; };
		4C1B35D11BE1505B0067EAF9 /* CoreDataStore.swift */ = {isa = PBXFileReference; fileEncoding = 4; lastKnownFileType = sourcecode.swift; name = CoreDataStore.swift; path = Shared/CoreDataStore.swift; sourceTree = SOURCE_ROOT; };
		4C1B35D41BE16B0B0067EAF9 /* Constants.swift */ = {isa = PBXFileReference; fileEncoding = 4; lastKnownFileType = sourcecode.swift; name = Constants.swift; path = Shared/Constants.swift; sourceTree = SOURCE_ROOT; };
		4C1EEAAB1BD9D56300BD64E3 /* DomoArigato v2.xcdatamodel */ = {isa = PBXFileReference; lastKnownFileType = wrapper.xcdatamodel; path = "DomoArigato v2.xcdatamodel"; sourceTree = "<group>"; };
		4C1EEAAC1BD9D8AB00BD64E3 /* DomoArigato.entitlements */ = {isa = PBXFileReference; lastKnownFileType = text.xml; path = DomoArigato.entitlements; sourceTree = "<group>"; };
		4C1EEAAD1BD9D90600BD64E3 /* DA Widget.entitlements */ = {isa = PBXFileReference; lastKnownFileType = text.xml; path = "DA Widget.entitlements"; sourceTree = "<group>"; };
		4C27B2951BD6BD5C002D4E90 /* DomoArigato.app */ = {isa = PBXFileReference; explicitFileType = wrapper.application; includeInIndex = 0; path = DomoArigato.app; sourceTree = BUILT_PRODUCTS_DIR; };
		4C27B2981BD6BD5C002D4E90 /* AppDelegate.swift */ = {isa = PBXFileReference; lastKnownFileType = sourcecode.swift; path = AppDelegate.swift; sourceTree = "<group>"; };
		4C27B29A1BD6BD5C002D4E90 /* MainViewController.swift */ = {isa = PBXFileReference; lastKnownFileType = sourcecode.swift; path = MainViewController.swift; sourceTree = "<group>"; };
		4C27B29D1BD6BD5C002D4E90 /* Base */ = {isa = PBXFileReference; lastKnownFileType = file.storyboard; name = Base; path = Base.lproj/Main.storyboard; sourceTree = "<group>"; };
		4C27B2A01BD6BD5C002D4E90 /* DomoArigato.xcdatamodel */ = {isa = PBXFileReference; lastKnownFileType = wrapper.xcdatamodel; path = DomoArigato.xcdatamodel; sourceTree = "<group>"; };
		4C27B2A21BD6BD5C002D4E90 /* Assets.xcassets */ = {isa = PBXFileReference; lastKnownFileType = folder.assetcatalog; name = Assets.xcassets; path = ../DomoArigato/Assets.xcassets; sourceTree = "<group>"; };
		4C27B2A51BD6BD5C002D4E90 /* Base */ = {isa = PBXFileReference; lastKnownFileType = file.storyboard; name = Base; path = Base.lproj/LaunchScreen.storyboard; sourceTree = "<group>"; };
		4C27B2A71BD6BD5C002D4E90 /* Info.plist */ = {isa = PBXFileReference; lastKnownFileType = text.plist.xml; path = Info.plist; sourceTree = "<group>"; };
		4C9AC9D41BD6E98B0013519A /* DA Widget.appex */ = {isa = PBXFileReference; explicitFileType = "wrapper.app-extension"; includeInIndex = 0; path = "DA Widget.appex"; sourceTree = BUILT_PRODUCTS_DIR; };
		4C9AC9D51BD6E98B0013519A /* NotificationCenter.framework */ = {isa = PBXFileReference; lastKnownFileType = wrapper.framework; name = NotificationCenter.framework; path = System/Library/Frameworks/NotificationCenter.framework; sourceTree = SDKROOT; };
		4C9AC9D81BD6E98B0013519A /* TodayViewController.swift */ = {isa = PBXFileReference; lastKnownFileType = sourcecode.swift; path = TodayViewController.swift; sourceTree = "<group>"; };
		4C9AC9DB1BD6E98B0013519A /* Base */ = {isa = PBXFileReference; lastKnownFileType = file.storyboard; name = Base; path = Base.lproj/MainInterface.storyboard; sourceTree = "<group>"; };
		4C9AC9DD1BD6E98B0013519A /* Info.plist */ = {isa = PBXFileReference; lastKnownFileType = text.plist.xml; path = Info.plist; sourceTree = "<group>"; };
		4C9AC9E51BD6FA280013519A /* Pods_DomoArigato.framework */ = {isa = PBXFileReference; lastKnownFileType = wrapper.framework; name = Pods_DomoArigato.framework; path = "Pods/../build/Debug-iphoneos/Pods_DomoArigato.framework"; sourceTree = "<group>"; };
		4CA174251BDBCE7A007F6425 /* Utils.swift */ = {isa = PBXFileReference; fileEncoding = 4; lastKnownFileType = sourcecode.swift; name = Utils.swift; path = Shared/Utils.swift; sourceTree = SOURCE_ROOT; };
		9370E6B07860039694B9750A /* Pods-DomoArigato.release.xcconfig */ = {isa = PBXFileReference; includeInIndex = 1; lastKnownFileType = text.xcconfig; name = "Pods-DomoArigato.release.xcconfig"; path = "Pods/Target Support Files/Pods-DomoArigato/Pods-DomoArigato.release.xcconfig"; sourceTree = "<group>"; };
		CF9FE2D9062E95C7E2386622 /* Pods_DomoArigato.framework */ = {isa = PBXFileReference; explicitFileType = wrapper.framework; includeInIndex = 0; path = Pods_DomoArigato.framework; sourceTree = BUILT_PRODUCTS_DIR; };
/* End PBXFileReference section */

/* Begin PBXFrameworksBuildPhase section */
		4C27B2921BD6BD5C002D4E90 /* Frameworks */ = {
			isa = PBXFrameworksBuildPhase;
			buildActionMask = 2147483647;
			files = (
				5540CA0ECA1E84B8863EDE3C /* Pods_DomoArigato.framework in Frameworks */,
			);
			runOnlyForDeploymentPostprocessing = 0;
		};
		4C9AC9D11BD6E98B0013519A /* Frameworks */ = {
			isa = PBXFrameworksBuildPhase;
			buildActionMask = 2147483647;
			files = (
				4C9AC9E61BD6FA280013519A /* Pods_DomoArigato.framework in Frameworks */,
				4C9AC9D61BD6E98B0013519A /* NotificationCenter.framework in Frameworks */,
			);
			runOnlyForDeploymentPostprocessing = 0;
		};
/* End PBXFrameworksBuildPhase section */

/* Begin PBXGroup section */
		4C1B35C31BE135DA0067EAF9 /* Model */ = {
			isa = PBXGroup;
			children = (
				4C1B35C41BE135FC0067EAF9 /* Account.swift */,
				4C1B35C71BE136080067EAF9 /* Device.swift */,
			);
			name = Model;
			sourceTree = "<group>";
		};
		4C1B35CA1BE136110067EAF9 /* API */ = {
			isa = PBXGroup;
			children = (
				4C1B35CB1BE136340067EAF9 /* Domoticz.swift */,
			);
			name = API;
			sourceTree = "<group>";
		};
		4C27B28C1BD6BD5C002D4E90 = {
			isa = PBXGroup;
			children = (
				4C1B35C21BE132710067EAF9 /* README.md */,
				4C27B2971BD6BD5C002D4E90 /* DomoArigato */,
				4C9AC9D71BD6E98B0013519A /* DA Widget */,
				4CBBC99F1BDAB3070003A8C8 /* Shared */,
				4C27B2961BD6BD5C002D4E90 /* Products */,
				F473B8B7913D1270BA71909E /* Pods */,
				7336EFF1B3477CD85E43C98C /* Frameworks */,
			);
			sourceTree = "<group>";
		};
		4C27B2961BD6BD5C002D4E90 /* Products */ = {
			isa = PBXGroup;
			children = (
				4C27B2951BD6BD5C002D4E90 /* DomoArigato.app */,
				4C9AC9D41BD6E98B0013519A /* DA Widget.appex */,
			);
			name = Products;
			sourceTree = "<group>";
		};
		4C27B2971BD6BD5C002D4E90 /* DomoArigato */ = {
			isa = PBXGroup;
			children = (
				4C27B2A41BD6BD5C002D4E90 /* LaunchScreen.storyboard */,
				4C27B29C1BD6BD5C002D4E90 /* Main.storyboard */,
				4C27B2981BD6BD5C002D4E90 /* AppDelegate.swift */,
				4C27B29A1BD6BD5C002D4E90 /* MainViewController.swift */,
				4C1EEAAC1BD9D8AB00BD64E3 /* DomoArigato.entitlements */,
				4C27B2A71BD6BD5C002D4E90 /* Info.plist */,
			);
			path = DomoArigato;
			sourceTree = "<group>";
		};
		4C9AC9D71BD6E98B0013519A /* DA Widget */ = {
			isa = PBXGroup;
			children = (
				4C9AC9DA1BD6E98B0013519A /* MainInterface.storyboard */,
				4C9AC9D81BD6E98B0013519A /* TodayViewController.swift */,
				4C1EEAAD1BD9D90600BD64E3 /* DA Widget.entitlements */,
				4C9AC9DD1BD6E98B0013519A /* Info.plist */,
			);
			path = "DA Widget";
			sourceTree = "<group>";
		};
		4CBBC99F1BDAB3070003A8C8 /* Shared */ = {
			isa = PBXGroup;
			children = (
				4C1B35C31BE135DA0067EAF9 /* Model */,
				4C1B35CA1BE136110067EAF9 /* API */,
				4C1B35CE1BE138D70067EAF9 /* Devices.swift */,
				4C1B35D11BE1505B0067EAF9 /* CoreDataStore.swift */,
				4CA174251BDBCE7A007F6425 /* Utils.swift */,
				4C1B35D41BE16B0B0067EAF9 /* Constants.swift */,
				4C27B2A21BD6BD5C002D4E90 /* Assets.xcassets */,
				4C27B29F1BD6BD5C002D4E90 /* DomoArigato.xcdatamodeld */,
			);
			name = Shared;
			path = "DA Widget";
			sourceTree = "<group>";
		};
		7336EFF1B3477CD85E43C98C /* Frameworks */ = {
			isa = PBXGroup;
			children = (
				4C9AC9E51BD6FA280013519A /* Pods_DomoArigato.framework */,
				CF9FE2D9062E95C7E2386622 /* Pods_DomoArigato.framework */,
				4C9AC9D51BD6E98B0013519A /* NotificationCenter.framework */,
			);
			name = Frameworks;
			sourceTree = "<group>";
		};
		F473B8B7913D1270BA71909E /* Pods */ = {
			isa = PBXGroup;
			children = (
				1693719C06B274500CB07050 /* Pods-DomoArigato.debug.xcconfig */,
				9370E6B07860039694B9750A /* Pods-DomoArigato.release.xcconfig */,
			);
			name = Pods;
			sourceTree = "<group>";
		};
/* End PBXGroup section */

/* Begin PBXNativeTarget section */
		4C27B2941BD6BD5C002D4E90 /* DomoArigato */ = {
			isa = PBXNativeTarget;
			buildConfigurationList = 4C27B2AA1BD6BD5C002D4E90 /* Build configuration list for PBXNativeTarget "DomoArigato" */;
			buildPhases = (
				AC4F1D687E1704A9793AC81B /* Check Pods Manifest.lock */,
				4C27B2911BD6BD5C002D4E90 /* Sources */,
				4C27B2921BD6BD5C002D4E90 /* Frameworks */,
				4C27B2931BD6BD5C002D4E90 /* Resources */,
				81E33F3B2B4BCF2ACA2A3433 /* Embed Pods Frameworks */,
				14590B2A56A470723E98181B /* Copy Pods Resources */,
				4C9AC9E41BD6E98B0013519A /* Embed App Extensions */,
			);
			buildRules = (
			);
			dependencies = (
				4C9AC9DF1BD6E98B0013519A /* PBXTargetDependency */,
			);
			name = DomoArigato;
			productName = DomoArigato;
			productReference = 4C27B2951BD6BD5C002D4E90 /* DomoArigato.app */;
			productType = "com.apple.product-type.application";
		};
		4C9AC9D31BD6E98B0013519A /* DA Widget */ = {
			isa = PBXNativeTarget;
			buildConfigurationList = 4C9AC9E31BD6E98B0013519A /* Build configuration list for PBXNativeTarget "DA Widget" */;
			buildPhases = (
				4C9AC9D01BD6E98B0013519A /* Sources */,
				4C9AC9D11BD6E98B0013519A /* Frameworks */,
				4C9AC9D21BD6E98B0013519A /* Resources */,
			);
			buildRules = (
			);
			dependencies = (
			);
			name = "DA Widget";
			productName = "DA Widget";
			productReference = 4C9AC9D41BD6E98B0013519A /* DA Widget.appex */;
			productType = "com.apple.product-type.app-extension";
		};
/* End PBXNativeTarget section */

/* Begin PBXProject section */
		4C27B28D1BD6BD5C002D4E90 /* Project object */ = {
			isa = PBXProject;
			attributes = {
				LastSwiftMigration = 0710;
				LastUpgradeCheck = 0700;
				ORGANIZATIONNAME = FLKone;
				TargetAttributes = {
					4C27B2941BD6BD5C002D4E90 = {
						CreatedOnToolsVersion = 7.0.1;
						DevelopmentTeam = 4Z4VCUMET3;
						SystemCapabilities = {
							com.apple.ApplicationGroups.iOS = {
								enabled = 1;
							};
						};
					};
					4C9AC9D31BD6E98B0013519A = {
						CreatedOnToolsVersion = 7.0.1;
						DevelopmentTeam = 4Z4VCUMET3;
						SystemCapabilities = {
							com.apple.ApplicationGroups.iOS = {
								enabled = 1;
							};
						};
					};
				};
			};
			buildConfigurationList = 4C27B2901BD6BD5C002D4E90 /* Build configuration list for PBXProject "DomoArigato" */;
			compatibilityVersion = "Xcode 3.2";
			developmentRegion = English;
			hasScannedForEncodings = 0;
			knownRegions = (
				en,
				Base,
			);
			mainGroup = 4C27B28C1BD6BD5C002D4E90;
			productRefGroup = 4C27B2961BD6BD5C002D4E90 /* Products */;
			projectDirPath = "";
			projectRoot = "";
			targets = (
				4C27B2941BD6BD5C002D4E90 /* DomoArigato */,
				4C9AC9D31BD6E98B0013519A /* DA Widget */,
			);
		};
/* End PBXProject section */

/* Begin PBXResourcesBuildPhase section */
		4C27B2931BD6BD5C002D4E90 /* Resources */ = {
			isa = PBXResourcesBuildPhase;
			buildActionMask = 2147483647;
			files = (
				4C27B2A61BD6BD5C002D4E90 /* LaunchScreen.storyboard in Resources */,
				4C27B2A31BD6BD5C002D4E90 /* Assets.xcassets in Resources */,
				4C27B29E1BD6BD5C002D4E90 /* Main.storyboard in Resources */,
			);
			runOnlyForDeploymentPostprocessing = 0;
		};
		4C9AC9D21BD6E98B0013519A /* Resources */ = {
			isa = PBXResourcesBuildPhase;
			buildActionMask = 2147483647;
			files = (
				4C2392841BDBF3F900BC0BAB /* Assets.xcassets in Resources */,
				4C9AC9DC1BD6E98B0013519A /* MainInterface.storyboard in Resources */,
			);
			runOnlyForDeploymentPostprocessing = 0;
		};
/* End PBXResourcesBuildPhase section */

/* Begin PBXShellScriptBuildPhase section */
		14590B2A56A470723E98181B /* Copy Pods Resources */ = {
			isa = PBXShellScriptBuildPhase;
			buildActionMask = 2147483647;
			files = (
			);
			inputPaths = (
			);
			name = "Copy Pods Resources";
			outputPaths = (
			);
			runOnlyForDeploymentPostprocessing = 0;
			shellPath = /bin/sh;
			shellScript = "\"${SRCROOT}/Pods/Target Support Files/Pods-DomoArigato/Pods-DomoArigato-resources.sh\"\n";
			showEnvVarsInLog = 0;
		};
		81E33F3B2B4BCF2ACA2A3433 /* Embed Pods Frameworks */ = {
			isa = PBXShellScriptBuildPhase;
			buildActionMask = 2147483647;
			files = (
			);
			inputPaths = (
			);
			name = "Embed Pods Frameworks";
			outputPaths = (
			);
			runOnlyForDeploymentPostprocessing = 0;
			shellPath = /bin/sh;
			shellScript = "\"${SRCROOT}/Pods/Target Support Files/Pods-DomoArigato/Pods-DomoArigato-frameworks.sh\"\n";
			showEnvVarsInLog = 0;
		};
		AC4F1D687E1704A9793AC81B /* Check Pods Manifest.lock */ = {
			isa = PBXShellScriptBuildPhase;
			buildActionMask = 2147483647;
			files = (
			);
			inputPaths = (
			);
			name = "Check Pods Manifest.lock";
			outputPaths = (
			);
			runOnlyForDeploymentPostprocessing = 0;
			shellPath = /bin/sh;
			shellScript = "diff \"${PODS_ROOT}/../Podfile.lock\" \"${PODS_ROOT}/Manifest.lock\" > /dev/null\nif [[ $? != 0 ]] ; then\n    cat << EOM\nerror: The sandbox is not in sync with the Podfile.lock. Run 'pod install' or update your CocoaPods installation.\nEOM\n    exit 1\nfi\n";
			showEnvVarsInLog = 0;
		};
/* End PBXShellScriptBuildPhase section */

/* Begin PBXSourcesBuildPhase section */
		4C27B2911BD6BD5C002D4E90 /* Sources */ = {
			isa = PBXSourcesBuildPhase;
			buildActionMask = 2147483647;
			files = (
				4C1B35D21BE1505B0067EAF9 /* CoreDataStore.swift in Sources */,
				4C1B35C51BE135FC0067EAF9 /* Account.swift in Sources */,
				4C27B2A11BD6BD5C002D4E90 /* DomoArigato.xcdatamodeld in Sources */,
				4C27B29B1BD6BD5C002D4E90 /* MainViewController.swift in Sources */,
				4C1B35CF1BE138D70067EAF9 /* Devices.swift in Sources */,
				4C1B35D51BE16B0B0067EAF9 /* Constants.swift in Sources */,
				4C1B35C81BE136080067EAF9 /* Device.swift in Sources */,
				4C27B2991BD6BD5C002D4E90 /* AppDelegate.swift in Sources */,
				4C1B35CC1BE136340067EAF9 /* Domoticz.swift in Sources */,
				4CA174261BDBCE7A007F6425 /* Utils.swift in Sources */,
			);
			runOnlyForDeploymentPostprocessing = 0;
		};
		4C9AC9D01BD6E98B0013519A /* Sources */ = {
			isa = PBXSourcesBuildPhase;
			buildActionMask = 2147483647;
			files = (
				4C1EEAAA1BD9C1B400BD64E3 /* DomoArigato.xcdatamodeld in Sources */,
				4C1B35C61BE135FC0067EAF9 /* Account.swift in Sources */,
				4C1B35CD1BE136340067EAF9 /* Domoticz.swift in Sources */,
				4C9AC9D91BD6E98B0013519A /* TodayViewController.swift in Sources */,
				4C1B35D01BE138D70067EAF9 /* Devices.swift in Sources */,
				4CA174271BDBCE7A007F6425 /* Utils.swift in Sources */,
				4C1B35D31BE1505B0067EAF9 /* CoreDataStore.swift in Sources */,
				4C1B35C91BE136080067EAF9 /* Device.swift in Sources */,
				4C1B35D61BE16B0B0067EAF9 /* Constants.swift in Sources */,
			);
			runOnlyForDeploymentPostprocessing = 0;
		};
/* End PBXSourcesBuildPhase section */

/* Begin PBXTargetDependency section */
		4C9AC9DF1BD6E98B0013519A /* PBXTargetDependency */ = {
			isa = PBXTargetDependency;
			target = 4C9AC9D31BD6E98B0013519A /* DA Widget */;
			targetProxy = 4C9AC9DE1BD6E98B0013519A /* PBXContainerItemProxy */;
		};
/* End PBXTargetDependency section */

/* Begin PBXVariantGroup section */
		4C27B29C1BD6BD5C002D4E90 /* Main.storyboard */ = {
			isa = PBXVariantGroup;
			children = (
				4C27B29D1BD6BD5C002D4E90 /* Base */,
			);
			name = Main.storyboard;
			sourceTree = "<group>";
		};
		4C27B2A41BD6BD5C002D4E90 /* LaunchScreen.storyboard */ = {
			isa = PBXVariantGroup;
			children = (
				4C27B2A51BD6BD5C002D4E90 /* Base */,
			);
			name = LaunchScreen.storyboard;
			sourceTree = "<group>";
		};
		4C9AC9DA1BD6E98B0013519A /* MainInterface.storyboard */ = {
			isa = PBXVariantGroup;
			children = (
				4C9AC9DB1BD6E98B0013519A /* Base */,
			);
			name = MainInterface.storyboard;
			sourceTree = "<group>";
		};
/* End PBXVariantGroup section */

/* Begin XCBuildConfiguration section */
		4C27B2A81BD6BD5C002D4E90 /* Debug */ = {
			isa = XCBuildConfiguration;
			buildSettings = {
				ALWAYS_SEARCH_USER_PATHS = NO;
				CLANG_CXX_LANGUAGE_STANDARD = "gnu++0x";
				CLANG_CXX_LIBRARY = "libc++";
				CLANG_ENABLE_MODULES = YES;
				CLANG_ENABLE_OBJC_ARC = YES;
				CLANG_WARN_BOOL_CONVERSION = YES;
				CLANG_WARN_CONSTANT_CONVERSION = YES;
				CLANG_WARN_DIRECT_OBJC_ISA_USAGE = YES_ERROR;
				CLANG_WARN_EMPTY_BODY = YES;
				CLANG_WARN_ENUM_CONVERSION = YES;
				CLANG_WARN_INT_CONVERSION = YES;
				CLANG_WARN_OBJC_ROOT_CLASS = YES_ERROR;
				CLANG_WARN_UNREACHABLE_CODE = YES;
				CLANG_WARN__DUPLICATE_METHOD_MATCH = YES;
				"CODE_SIGN_IDENTITY[sdk=iphoneos*]" = "iPhone Developer";
				COPY_PHASE_STRIP = NO;
				DEBUG_INFORMATION_FORMAT = dwarf;
				ENABLE_STRICT_OBJC_MSGSEND = YES;
				ENABLE_TESTABILITY = YES;
				GCC_C_LANGUAGE_STANDARD = gnu99;
				GCC_DYNAMIC_NO_PIC = NO;
				GCC_NO_COMMON_BLOCKS = YES;
				GCC_OPTIMIZATION_LEVEL = 0;
				GCC_PREPROCESSOR_DEFINITIONS = (
					"DEBUG=1",
					"$(inherited)",
				);
				GCC_WARN_64_TO_32_BIT_CONVERSION = YES;
				GCC_WARN_ABOUT_RETURN_TYPE = YES_ERROR;
				GCC_WARN_UNDECLARED_SELECTOR = YES;
				GCC_WARN_UNINITIALIZED_AUTOS = YES_AGGRESSIVE;
				GCC_WARN_UNUSED_FUNCTION = YES;
				GCC_WARN_UNUSED_VARIABLE = YES;
				IPHONEOS_DEPLOYMENT_TARGET = 8.0;
				MTL_ENABLE_DEBUG_INFO = YES;
				ONLY_ACTIVE_ARCH = YES;
				SDKROOT = iphoneos;
				SWIFT_OPTIMIZATION_LEVEL = "-Onone";
				TARGETED_DEVICE_FAMILY = "1,2";
			};
			name = Debug;
		};
		4C27B2A91BD6BD5C002D4E90 /* Release */ = {
			isa = XCBuildConfiguration;
			buildSettings = {
				ALWAYS_SEARCH_USER_PATHS = NO;
				CLANG_CXX_LANGUAGE_STANDARD = "gnu++0x";
				CLANG_CXX_LIBRARY = "libc++";
				CLANG_ENABLE_MODULES = YES;
				CLANG_ENABLE_OBJC_ARC = YES;
				CLANG_WARN_BOOL_CONVERSION = YES;
				CLANG_WARN_CONSTANT_CONVERSION = YES;
				CLANG_WARN_DIRECT_OBJC_ISA_USAGE = YES_ERROR;
				CLANG_WARN_EMPTY_BODY = YES;
				CLANG_WARN_ENUM_CONVERSION = YES;
				CLANG_WARN_INT_CONVERSION = YES;
				CLANG_WARN_OBJC_ROOT_CLASS = YES_ERROR;
				CLANG_WARN_UNREACHABLE_CODE = YES;
				CLANG_WARN__DUPLICATE_METHOD_MATCH = YES;
				"CODE_SIGN_IDENTITY[sdk=iphoneos*]" = "iPhone Developer";
				COPY_PHASE_STRIP = NO;
				DEBUG_INFORMATION_FORMAT = "dwarf-with-dsym";
				ENABLE_NS_ASSERTIONS = NO;
				ENABLE_STRICT_OBJC_MSGSEND = YES;
				GCC_C_LANGUAGE_STANDARD = gnu99;
				GCC_NO_COMMON_BLOCKS = YES;
				GCC_WARN_64_TO_32_BIT_CONVERSION = YES;
				GCC_WARN_ABOUT_RETURN_TYPE = YES_ERROR;
				GCC_WARN_UNDECLARED_SELECTOR = YES;
				GCC_WARN_UNINITIALIZED_AUTOS = YES_AGGRESSIVE;
				GCC_WARN_UNUSED_FUNCTION = YES;
				GCC_WARN_UNUSED_VARIABLE = YES;
				IPHONEOS_DEPLOYMENT_TARGET = 8.0;
				MTL_ENABLE_DEBUG_INFO = NO;
				SDKROOT = iphoneos;
				TARGETED_DEVICE_FAMILY = "1,2";
				VALIDATE_PRODUCT = YES;
			};
			name = Release;
		};
		4C27B2AB1BD6BD5C002D4E90 /* Debug */ = {
			isa = XCBuildConfiguration;
			baseConfigurationReference = 1693719C06B274500CB07050 /* Pods-DomoArigato.debug.xcconfig */;
			buildSettings = {
				ASSETCATALOG_COMPILER_APPICON_NAME = AppIcon;
				CODE_SIGN_ENTITLEMENTS = DomoArigato/DomoArigato.entitlements;
				CODE_SIGN_IDENTITY = "iPhone Developer";
				"CODE_SIGN_IDENTITY[sdk=iphoneos*]" = "iPhone Developer";
				EMBEDDED_CONTENT_CONTAINS_SWIFT = YES;
				INFOPLIST_FILE = DomoArigato/Info.plist;
				LD_RUNPATH_SEARCH_PATHS = "$(inherited) @executable_path/Frameworks";
				PRODUCT_BUNDLE_IDENTIFIER = com.flkone.DomoArigato;
				PRODUCT_NAME = "$(TARGET_NAME)";
				PROVISIONING_PROFILE = "";
			};
			name = Debug;
		};
		4C27B2AC1BD6BD5C002D4E90 /* Release */ = {
			isa = XCBuildConfiguration;
			baseConfigurationReference = 9370E6B07860039694B9750A /* Pods-DomoArigato.release.xcconfig */;
			buildSettings = {
				ASSETCATALOG_COMPILER_APPICON_NAME = AppIcon;
				CODE_SIGN_ENTITLEMENTS = DomoArigato/DomoArigato.entitlements;
				CODE_SIGN_IDENTITY = "iPhone Developer";
				"CODE_SIGN_IDENTITY[sdk=iphoneos*]" = "iPhone Developer";
				EMBEDDED_CONTENT_CONTAINS_SWIFT = YES;
				INFOPLIST_FILE = DomoArigato/Info.plist;
				LD_RUNPATH_SEARCH_PATHS = "$(inherited) @executable_path/Frameworks";
				PRODUCT_BUNDLE_IDENTIFIER = com.flkone.DomoArigato;
				PRODUCT_NAME = "$(TARGET_NAME)";
				PROVISIONING_PROFILE = "";
			};
			name = Release;
		};
		4C9AC9E11BD6E98B0013519A /* Debug */ = {
			isa = XCBuildConfiguration;
			buildSettings = {
				CODE_SIGN_ENTITLEMENTS = "DA Widget/DA Widget.entitlements";
				CODE_SIGN_IDENTITY = "iPhone Developer";
				"CODE_SIGN_IDENTITY[sdk=iphoneos*]" = "iPhone Developer";
				FRAMEWORK_SEARCH_PATHS = "$(inherited)";
				INFOPLIST_FILE = "DA Widget/Info.plist";
				LD_RUNPATH_SEARCH_PATHS = "$(inherited) @executable_path/Frameworks @executable_path/../../Frameworks";
				PRODUCT_BUNDLE_IDENTIFIER = "com.flkone.DomoArigato.DA-Widget";
				PRODUCT_NAME = "$(TARGET_NAME)";
				PROVISIONING_PROFILE = "";
				SKIP_INSTALL = YES;
			};
			name = Debug;
		};
		4C9AC9E21BD6E98B0013519A /* Release */ = {
			isa = XCBuildConfiguration;
			buildSettings = {
				CODE_SIGN_ENTITLEMENTS = "DA Widget/DA Widget.entitlements";
				CODE_SIGN_IDENTITY = "iPhone Developer";
				"CODE_SIGN_IDENTITY[sdk=iphoneos*]" = "iPhone Developer";
				FRAMEWORK_SEARCH_PATHS = "$(inherited)";
				INFOPLIST_FILE = "DA Widget/Info.plist";
				LD_RUNPATH_SEARCH_PATHS = "$(inherited) @executable_path/Frameworks @executable_path/../../Frameworks";
				PRODUCT_BUNDLE_IDENTIFIER = "com.flkone.DomoArigato.DA-Widget";
				PRODUCT_NAME = "$(TARGET_NAME)";
				PROVISIONING_PROFILE = "";
				SKIP_INSTALL = YES;
			};
			name = Release;
		};
/* End XCBuildConfiguration section */

/* Begin XCConfigurationList section */
		4C27B2901BD6BD5C002D4E90 /* Build configuration list for PBXProject "DomoArigato" */ = {
			isa = XCConfigurationList;
			buildConfigurations = (
				4C27B2A81BD6BD5C002D4E90 /* Debug */,
				4C27B2A91BD6BD5C002D4E90 /* Release */,
			);
			defaultConfigurationIsVisible = 0;
			defaultConfigurationName = Release;
		};
		4C27B2AA1BD6BD5C002D4E90 /* Build configuration list for PBXNativeTarget "DomoArigato" */ = {
			isa = XCConfigurationList;
			buildConfigurations = (
				4C27B2AB1BD6BD5C002D4E90 /* Debug */,
				4C27B2AC1BD6BD5C002D4E90 /* Release */,
			);
			defaultConfigurationIsVisible = 0;
			defaultConfigurationName = Release;
		};
		4C9AC9E31BD6E98B0013519A /* Build configuration list for PBXNativeTarget "DA Widget" */ = {
			isa = XCConfigurationList;
			buildConfigurations = (
				4C9AC9E11BD6E98B0013519A /* Debug */,
				4C9AC9E21BD6E98B0013519A /* Release */,
			);
			defaultConfigurationIsVisible = 0;
			defaultConfigurationName = Release;
		};
/* End XCConfigurationList section */

/* Begin XCVersionGroup section */
		4C27B29F1BD6BD5C002D4E90 /* DomoArigato.xcdatamodeld */ = {
			isa = XCVersionGroup;
			children = (
				4C1B35BD1BE128410067EAF9 /* DomoArigato#3.xcdatamodel */,
				4C1EEAAB1BD9D56300BD64E3 /* DomoArigato v2.xcdatamodel */,
				4C27B2A01BD6BD5C002D4E90 /* DomoArigato.xcdatamodel */,
			);
			currentVersion = 4C1B35BD1BE128410067EAF9 /* DomoArigato#3.xcdatamodel */;
			name = DomoArigato.xcdatamodeld;
			path = ../DomoArigato/DomoArigato.xcdatamodeld;
			sourceTree = "<group>";
			versionGroupType = wrapper.xcdatamodel;
		};
/* End XCVersionGroup section */
	};
	rootObject = 4C27B28D1BD6BD5C002D4E90 /* Project object */;
}
